// !$*UTF8*$!
{
	archiveVersion = 1;
	classes = {
	};
	objectVersion = 46;
	objects = {

/* Begin PBXBuildFile section */
		4F8E9E431CE5DBDA006E15E9 /* weatherapp.jpg in Resources */ = {isa = PBXBuildFile; fileRef = 4F8E9E421CE5DBDA006E15E9 /* weatherapp.jpg */; };
		4F9430A21CE58ED30012F6D9 /* AppDelegate.swift in Sources */ = {isa = PBXBuildFile; fileRef = 4F9430A11CE58ED30012F6D9 /* AppDelegate.swift */; };
		4F9430A41CE58ED30012F6D9 /* ViewController.swift in Sources */ = {isa = PBXBuildFile; fileRef = 4F9430A31CE58ED30012F6D9 /* ViewController.swift */; };
		4F9430A71CE58ED30012F6D9 /* Main.storyboard in Resources */ = {isa = PBXBuildFile; fileRef = 4F9430A51CE58ED30012F6D9 /* Main.storyboard */; };
		4F9430A91CE58ED30012F6D9 /* Assets.xcassets in Resources */ = {isa = PBXBuildFile; fileRef = 4F9430A81CE58ED30012F6D9 /* Assets.xcassets */; };
		4F9430AC1CE58ED30012F6D9 /* LaunchScreen.storyboard in Resources */ = {isa = PBXBuildFile; fileRef = 4F9430AA1CE58ED30012F6D9 /* LaunchScreen.storyboard */; };
/* End PBXBuildFile section */

/* Begin PBXFileReference section */
		4F8E9E421CE5DBDA006E15E9 /* weatherapp.jpg */ = {isa = PBXFileReference; lastKnownFileType = image.jpeg; path = weatherapp.jpg; sourceTree = "<group>"; };
		4F94309E1CE58ED30012F6D9 /* Whats The Weather.app */ = {isa = PBXFileReference; explicitFileType = wrapper.application; includeInIndex = 0; path = "Whats The Weather.app"; sourceTree = BUILT_PRODUCTS_DIR; };
		4F9430A11CE58ED30012F6D9 /* AppDelegate.swift */ = {isa = PBXFileReference; lastKnownFileType = sourcecode.swift; path = AppDelegate.swift; sourceTree = "<group>"; };
		4F9430A31CE58ED30012F6D9 /* ViewController.swift */ = {isa = PBXFileReference; lastKnownFileType = sourcecode.swift; path = ViewController.swift; sourceTree = "<group>"; };
		4F9430A61CE58ED30012F6D9 /* Base */ = {isa = PBXFileReference; lastKnownFileType = file.storyboard; name = Base; path = Base.lproj/Main.storyboard; sourceTree = "<group>"; };
		4F9430A81CE58ED30012F6D9 /* Assets.xcassets */ = {isa = PBXFileReference; lastKnownFileType = folder.assetcatalog; path = Assets.xcassets; sourceTree = "<group>"; };
		4F9430AB1CE58ED30012F6D9 /* Base */ = {isa = PBXFileReference; lastKnownFileType = file.storyboard; name = Base; path = Base.lproj/LaunchScreen.storyboard; sourceTree = "<group>"; };
		4F9430AD1CE58ED30012F6D9 /* Info.plist */ = {isa = PBXFileReference; lastKnownFileType = text.plist.xml; path = Info.plist; sourceTree = "<group>"; };
/* End PBXFileReference section */

/* Begin PBXFrameworksBuildPhase section */
		4F94309B1CE58ED30012F6D9 /* Frameworks */ = {
			isa = PBXFrameworksBuildPhase;
			buildActionMask = 2147483647;
			files = (
			);
			runOnlyForDeploymentPostprocessing = 0;
		};
/* End PBXFrameworksBuildPhase section */

/* Begin PBXGroup section */
		4F9430951CE58ED30012F6D9 = {
			isa = PBXGroup;
			children = (
				4F9430A01CE58ED30012F6D9 /* Whats The Weather */,
				4F94309F1CE58ED30012F6D9 /* Products */,
			);
			sourceTree = "<group>";
		};
		4F94309F1CE58ED30012F6D9 /* Products */ = {
			isa = PBXGroup;
			children = (
				4F94309E1CE58ED30012F6D9 /* Whats The Weather.app */,
			);
			name = Products;
			sourceTree = "<group>";
		};
		4F9430A01CE58ED30012F6D9 /* Whats The Weather */ = {
			isa = PBXGroup;
			children = (
				4F9430A11CE58ED30012F6D9 /* AppDelegate.swift */,
				4F9430A31CE58ED30012F6D9 /* ViewController.swift */,
				4F8E9E421CE5DBDA006E15E9 /* weatherapp.jpg */,
				4F9430A51CE58ED30012F6D9 /* Main.storyboard */,
				4F9430A81CE58ED30012F6D9 /* Assets.xcassets */,
				4F9430AA1CE58ED30012F6D9 /* LaunchScreen.storyboard */,
				4F9430AD1CE58ED30012F6D9 /* Info.plist */,
			);
			path = "Whats The Weather";
			sourceTree = "<group>";
		};
/* End PBXGroup section */

/* Begin PBXNativeTarget section */
		4F94309D1CE58ED30012F6D9 /* Whats The Weather */ = {
			isa = PBXNativeTarget;
			buildConfigurationList = 4F9430B01CE58ED30012F6D9 /* Build configuration list for PBXNativeTarget "Whats The Weather" */;
			buildPhases = (
				4F94309A1CE58ED30012F6D9 /* Sources */,
				4F94309B1CE58ED30012F6D9 /* Frameworks */,
				4F94309C1CE58ED30012F6D9 /* Resources */,
			);
			buildRules = (
			);
			dependencies = (
			);
			name = "Whats The Weather";
			productName = "Whats The Weather";
			productReference = 4F94309E1CE58ED30012F6D9 /* Whats The Weather.app */;
			productType = "com.apple.product-type.application";
		};
/* End PBXNativeTarget section */

/* Begin PBXProject section */
		4F9430961CE58ED30012F6D9 /* Project object */ = {
			isa = PBXProject;
			attributes = {
				LastSwiftUpdateCheck = 0730;
				LastUpgradeCheck = 0730;
				ORGANIZATIONNAME = "Stan Lee";
				TargetAttributes = {
					4F94309D1CE58ED30012F6D9 = {
						CreatedOnToolsVersion = 7.3.1;
						DevelopmentTeam = HY352UT83R;
					};
				};
			};
			buildConfigurationList = 4F9430991CE58ED30012F6D9 /* Build configuration list for PBXProject "Whats The Weather" */;
			compatibilityVersion = "Xcode 3.2";
			developmentRegion = English;
			hasScannedForEncodings = 0;
			knownRegions = (
				en,
				Base,
			);
			mainGroup = 4F9430951CE58ED30012F6D9;
			productRefGroup = 4F94309F1CE58ED30012F6D9 /* Products */;
			projectDirPath = "";
			projectRoot = "";
			targets = (
				4F94309D1CE58ED30012F6D9 /* Whats The Weather */,
			);
		};
/* End PBXProject section */

/* Begin PBXResourcesBuildPhase section */
		4F94309C1CE58ED30012F6D9 /* Resources */ = {
			isa = PBXResourcesBuildPhase;
			buildActionMask = 2147483647;
			files = (
				4F9430AC1CE58ED30012F6D9 /* LaunchScreen.storyboard in Resources */,
				4F9430A91CE58ED30012F6D9 /* Assets.xcassets in Resources */,
				4F8E9E431CE5DBDA006E15E9 /* weatherapp.jpg in Resources */,
				4F9430A71CE58ED30012F6D9 /* Main.storyboard in Resources */,
			);
			runOnlyForDeploymentPostprocessing = 0;
		};
/* End PBXResourcesBuildPhase section */

/* Begin PBXSourcesBuildPhase section */
		4F94309A1CE58ED30012F6D9 /* Sources */ = {
			isa = PBXSourcesBuildPhase;
			buildActionMask = 2147483647;
			files = (
				4F9430A41CE58ED30012F6D9 /* ViewController.swift in Sources */,
				4F9430A21CE58ED30012F6D9 /* AppDelegate.swift in Sources */,
			);
			runOnlyForDeploymentPostprocessing = 0;
		};
/* End PBXSourcesBuildPhase section */

/* Begin PBXVariantGroup section */
		4F9430A51CE58ED30012F6D9 /* Main.storyboard */ = {
			isa = PBXVariantGroup;
			children = (
				4F9430A61CE58ED30012F6D9 /* Base */,
			);
			name = Main.storyboard;
			sourceTree = "<group>";
		};
		4F9430AA1CE58ED30012F6D9 /* LaunchScreen.storyboard */ = {
			isa = PBXVariantGroup;
			children = (
				4F9430AB1CE58ED30012F6D9 /* Base */,
			);
			name = LaunchScreen.storyboard;
			sourceTree = "<group>";
		};
/* End PBXVariantGroup section */

/* Begin XCBuildConfiguration section */
		4F9430AE1CE58ED30012F6D9 /* Debug */ = {
			isa = XCBuildConfiguration;
			buildSettings = {
				ALWAYS_SEARCH_USER_PATHS = NO;
				CLANG_ANALYZER_NONNULL = YES;
				CLANG_CXX_LANGUAGE_STANDARD = "gnu++0x";
				CLANG_CXX_LIBRARY = "libc++";
				CLANG_ENABLE_MODULES = YES;
				CLANG_ENABLE_OBJC_ARC = YES;
				CLANG_WARN_BOOL_CONVERSION = YES;
				CLANG_WARN_CONSTANT_CONVERSION = YES;
				CLANG_WARN_DIRECT_OBJC_ISA_USAGE = YES_ERROR;
				CLANG_WARN_EMPTY_BODY = YES;
				CLANG_WARN_ENUM_CONVERSION = YES;
				CLANG_WARN_INT_CONVERSION = YES;
				CLANG_WARN_OBJC_ROOT_CLASS = YES_ERROR;
				CLANG_WARN_UNREACHABLE_CODE = YES;
				CLANG_WARN__DUPLICATE_METHOD_MATCH = YES;
				"CODE_SIGN_IDENTITY[sdk=iphoneos*]" = "iPhone Developer";
				COPY_PHASE_STRIP = NO;
				DEBUG_INFORMATION_FORMAT = dwarf;
				ENABLE_STRICT_OBJC_MSGSEND = YES;
				ENABLE_TESTABILITY = YES;
				GCC_C_LANGUAGE_STANDARD = gnu99;
				GCC_DYNAMIC_NO_PIC = NO;
				GCC_NO_COMMON_BLOCKS = YES;
				GCC_OPTIMIZATION_LEVEL = 0;
				GCC_PREPROCESSOR_DEFINITIONS = (
					"DEBUG=1",
					"$(inherited)",
				);
				GCC_WARN_64_TO_32_BIT_CONVERSION = YES;
				GCC_WARN_ABOUT_RETURN_TYPE = YES_ERROR;
				GCC_WARN_UNDECLARED_SELECTOR = YES;
				GCC_WARN_UNINITIALIZED_AUTOS = YES_AGGRESSIVE;
				GCC_WARN_UNUSED_FUNCTION = YES;
				GCC_WARN_UNUSED_VARIABLE = YES;
				IPHONEOS_DEPLOYMENT_TARGET = 9.3;
				MTL_ENABLE_DEBUG_INFO = YES;
				ONLY_ACTIVE_ARCH = YES;
				SDKROOT = iphoneos;
				SWIFT_OPTIMIZATION_LEVEL = "-Onone";
			};
			name = Debug;
		};
		4F9430AF1CE58ED30012F6D9 /* Release */ = {
			isa = XCBuildConfiguration;
			buildSettings = {
				ALWAYS_SEARCH_USER_PATHS = NO;
				CLANG_ANALYZER_NONNULL = YES;
				CLANG_CXX_LANGUAGE_STANDARD = "gnu++0x";
				CLANG_CXX_LIBRARY = "libc++";
				CLANG_ENABLE_MODULES = YES;
				CLANG_ENABLE_OBJC_ARC = YES;
				CLANG_WARN_BOOL_CONVERSION = YES;
				CLANG_WARN_CONSTANT_CONVERSION = YES;
				CLANG_WARN_DIRECT_OBJC_ISA_USAGE = YES_ERROR;
				CLANG_WARN_EMPTY_BODY = YES;
				CLANG_WARN_ENUM_CONVERSION = YES;
				CLANG_WARN_INT_CONVERSION = YES;
				CLANG_WARN_OBJC_ROOT_CLASS = YES_ERROR;
				CLANG_WARN_UNREACHABLE_CODE = YES;
				CLANG_WARN__DUPLICATE_METHOD_MATCH = YES;
				"CODE_SIGN_IDENTITY[sdk=iphoneos*]" = "iPhone Developer";
				COPY_PHASE_STRIP = NO;
				DEBUG_INFORMATION_FORMAT = "dwarf-with-dsym";
				ENABLE_NS_ASSERTIONS = NO;
				ENABLE_STRICT_OBJC_MSGSEND = YES;
				GCC_C_LANGUAGE_STANDARD = gnu99;
				GCC_NO_COMMON_BLOCKS = YES;
				GCC_WARN_64_TO_32_BIT_CONVERSION = YES;
				GCC_WARN_ABOUT_RETURN_TYPE = YES_ERROR;
				GCC_WARN_UNDECLARED_SELECTOR = YES;
				GCC_WARN_UNINITIALIZED_AUTOS = YES_AGGRESSIVE;
				GCC_WARN_UNUSED_FUNCTION = YES;
				GCC_WARN_UNUSED_VARIABLE = YES;
				IPHONEOS_DEPLOYMENT_TARGET = 9.3;
				MTL_ENABLE_DEBUG_INFO = NO;
				SDKROOT = iphoneos;
				VALIDATE_PRODUCT = YES;
			};
			name = Release;
		};
		4F9430B11CE58ED30012F6D9 /* Debug */ = {
			isa = XCBuildConfiguration;
			buildSettings = {
				ASSETCATALOG_COMPILER_APPICON_NAME = AppIcon;
				INFOPLIST_FILE = "Whats The Weather/Info.plist";
				LD_RUNPATH_SEARCH_PATHS = "$(inherited) @executable_path/Frameworks";
				PRODUCT_BUNDLE_IDENTIFIER = "com.primssoko.Whats-The-Weather";
				PRODUCT_NAME = "$(TARGET_NAME)";
			};
			name = Debug;
		};
		4F9430B21CE58ED30012F6D9 /* Release */ = {
			isa = XCBuildConfiguration;
			buildSettings = {
				ASSETCATALOG_COMPILER_APPICON_NAME = AppIcon;
				INFOPLIST_FILE = "Whats The Weather/Info.plist";
				LD_RUNPATH_SEARCH_PATHS = "$(inherited) @executable_path/Frameworks";
				PRODUCT_BUNDLE_IDENTIFIER = "com.primssoko.Whats-The-Weather";
				PRODUCT_NAME = "$(TARGET_NAME)";
			};
			name = Release;
		};
/* End XCBuildConfiguration section */

/* Begin XCConfigurationList section */
		4F9430991CE58ED30012F6D9 /* Build configuration list for PBXProject "Whats The Weather" */ = {
			isa = XCConfigurationList;
			buildConfigurations = (
				4F9430AE1CE58ED30012F6D9 /* Debug */,
				4F9430AF1CE58ED30012F6D9 /* Release */,
			);
			defaultConfigurationIsVisible = 0;
			defaultConfigurationName = Release;
		};
		4F9430B01CE58ED30012F6D9 /* Build configuration list for PBXNativeTarget "Whats The Weather" */ = {
			isa = XCConfigurationList;
			buildConfigurations = (
				4F9430B11CE58ED30012F6D9 /* Debug */,
				4F9430B21CE58ED30012F6D9 /* Release */,
			);
			defaultConfigurationIsVisible = 0;
			defaultConfigurationName = Release;
		};
/* End XCConfigurationList section */
	};
	rootObject = 4F9430961CE58ED30012F6D9 /* Project object */;
}
